// !$*UTF8*$!
{
	archiveVersion = 1;
	classes = {
	};
	objectVersion = 46;
	objects = {

/* Begin PBXBuildFile section */
		04260AC41CACFE5400A475AC /* main.cpp in Sources */ = {isa = PBXBuildFile; fileRef = 04260AC31CACFE5400A475AC /* main.cpp */; };
		04260ACC1CACFF7600A475AC /* step.cpp in Sources */ = {isa = PBXBuildFile; fileRef = 04260ACA1CACFF7600A475AC /* step.cpp */; };
		04260ACF1CACFF9500A475AC /* analyse.cpp in Sources */ = {isa = PBXBuildFile; fileRef = 04260ACD1CACFF9500A475AC /* analyse.cpp */; };
/* End PBXBuildFile section */

/* Begin PBXCopyFilesBuildPhase section */
		04260ABE1CACFE5400A475AC /* CopyFiles */ = {
			isa = PBXCopyFilesBuildPhase;
			buildActionMask = 2147483647;
			dstPath = /usr/share/man/man1/;
			dstSubfolderSpec = 0;
			files = (
			);
			runOnlyForDeploymentPostprocessing = 1;
		};
/* End PBXCopyFilesBuildPhase section */

/* Begin PBXFileReference section */
		04260AC01CACFE5400A475AC /* gobang */ = {isa = PBXFileReference; explicitFileType = "compiled.mach-o.executable"; includeInIndex = 0; path = gobang; sourceTree = BUILT_PRODUCTS_DIR; };
		04260AC31CACFE5400A475AC /* main.cpp */ = {isa = PBXFileReference; lastKnownFileType = sourcecode.cpp.cpp; path = main.cpp; sourceTree = "<group>"; };
		04260ACA1CACFF7600A475AC /* step.cpp */ = {isa = PBXFileReference; fileEncoding = 4; lastKnownFileType = sourcecode.cpp.cpp; path = step.cpp; sourceTree = "<group>"; };
		04260ACB1CACFF7600A475AC /* step.hpp */ = {isa = PBXFileReference; fileEncoding = 4; lastKnownFileType = sourcecode.cpp.h; path = step.hpp; sourceTree = "<group>"; };
		04260ACD1CACFF9500A475AC /* analyse.cpp */ = {isa = PBXFileReference; fileEncoding = 4; lastKnownFileType = sourcecode.cpp.cpp; path = analyse.cpp; sourceTree = "<group>"; };
		04260ACE1CACFF9500A475AC /* analyse.hpp */ = {isa = PBXFileReference; fileEncoding = 4; lastKnownFileType = sourcecode.cpp.h; path = analyse.hpp; sourceTree = "<group>"; };
/* End PBXFileReference section */

/* Begin PBXFrameworksBuildPhase section */
		04260ABD1CACFE5400A475AC /* Frameworks */ = {
			isa = PBXFrameworksBuildPhase;
			buildActionMask = 2147483647;
			files = (
			);
			runOnlyForDeploymentPostprocessing = 0;
		};
/* End PBXFrameworksBuildPhase section */

/* Begin PBXGroup section */
		04260AB71CACFE5400A475AC = {
			isa = PBXGroup;
			children = (
				04260AC21CACFE5400A475AC /* gobang */,
				04260AC11CACFE5400A475AC /* Products */,
			);
			sourceTree = "<group>";
		};
		04260AC11CACFE5400A475AC /* Products */ = {
			isa = PBXGroup;
			children = (
				04260AC01CACFE5400A475AC /* gobang */,
			);
			name = Products;
			sourceTree = "<group>";
		};
		04260AC21CACFE5400A475AC /* gobang */ = {
			isa = PBXGroup;
			children = (
				04260AC31CACFE5400A475AC /* main.cpp */,
				04260ACA1CACFF7600A475AC /* step.cpp */,
				04260ACB1CACFF7600A475AC /* step.hpp */,
				04260ACD1CACFF9500A475AC /* analyse.cpp */,
				04260ACE1CACFF9500A475AC /* analyse.hpp */,
			);
			path = gobang;
			sourceTree = "<group>";
		};
/* End PBXGroup section */

/* Begin PBXNativeTarget section */
		04260ABF1CACFE5400A475AC /* gobang */ = {
			isa = PBXNativeTarget;
			buildConfigurationList = 04260AC71CACFE5400A475AC /* Build configuration list for PBXNativeTarget "gobang" */;
			buildPhases = (
				04260ABC1CACFE5400A475AC /* Sources */,
				04260ABD1CACFE5400A475AC /* Frameworks */,
				04260ABE1CACFE5400A475AC /* CopyFiles */,
			);
			buildRules = (
			);
			dependencies = (
			);
			name = gobang;
			productName = gobang;
			productReference = 04260AC01CACFE5400A475AC /* gobang */;
			productType = "com.apple.product-type.tool";
		};
/* End PBXNativeTarget section */

/* Begin PBXProject section */
		04260AB81CACFE5400A475AC /* Project object */ = {
			isa = PBXProject;
			attributes = {
				LastUpgradeCheck = 0720;
				ORGANIZATIONNAME = Ownsky;
				TargetAttributes = {
					04260ABF1CACFE5400A475AC = {
						CreatedOnToolsVersion = 7.2.1;
					};
				};
			};
			buildConfigurationList = 04260ABB1CACFE5400A475AC /* Build configuration list for PBXProject "gobang" */;
			compatibilityVersion = "Xcode 3.2";
			developmentRegion = English;
			hasScannedForEncodings = 0;
			knownRegions = (
				en,
			);
			mainGroup = 04260AB71CACFE5400A475AC;
			productRefGroup = 04260AC11CACFE5400A475AC /* Products */;
			projectDirPath = "";
			projectRoot = "";
			targets = (
				04260ABF1CACFE5400A475AC /* gobang */,
			);
		};
/* End PBXProject section */

/* Begin PBXSourcesBuildPhase section */
		04260ABC1CACFE5400A475AC /* Sources */ = {
			isa = PBXSourcesBuildPhase;
			buildActionMask = 2147483647;
			files = (
				04260AC41CACFE5400A475AC /* main.cpp in Sources */,
				04260ACC1CACFF7600A475AC /* step.cpp in Sources */,
				04260ACF1CACFF9500A475AC /* analyse.cpp in Sources */,
			);
			runOnlyForDeploymentPostprocessing = 0;
		};
/* End PBXSourcesBuildPhase section */

/* Begin XCBuildConfiguration section */
		04260AC51CACFE5400A475AC /* Debug */ = {
			isa = XCBuildConfiguration;
			buildSettings = {
				ALWAYS_SEARCH_USER_PATHS = NO;
				CLANG_CXX_LANGUAGE_STANDARD = "gnu++0x";
				CLANG_CXX_LIBRARY = "libc++";
				CLANG_ENABLE_MODULES = YES;
				CLANG_ENABLE_OBJC_ARC = YES;
				CLANG_WARN_BOOL_CONVERSION = YES;
				CLANG_WARN_CONSTANT_CONVERSION = YES;
				CLANG_WARN_DIRECT_OBJC_ISA_USAGE = YES_ERROR;
				CLANG_WARN_EMPTY_BODY = YES;
				CLANG_WARN_ENUM_CONVERSION = YES;
				CLANG_WARN_INT_CONVERSION = YES;
				CLANG_WARN_OBJC_ROOT_CLASS = YES_ERROR;
				CLANG_WARN_UNREACHABLE_CODE = YES;
				CLANG_WARN__DUPLICATE_METHOD_MATCH = YES;
				CODE_SIGN_IDENTITY = "-";
				COPY_PHASE_STRIP = NO;
				DEBUG_INFORMATION_FORMAT = dwarf;
				ENABLE_STRICT_OBJC_MSGSEND = YES;
				ENABLE_TESTABILITY = YES;
				GCC_C_LANGUAGE_STANDARD = gnu99;
				GCC_DYNAMIC_NO_PIC = NO;
				GCC_NO_COMMON_BLOCKS = YES;
				GCC_OPTIMIZATION_LEVEL = 0;
				GCC_PREPROCESSOR_DEFINITIONS = (
					"DEBUG=1",
					"$(inherited)",
				);
				GCC_WARN_64_TO_32_BIT_CONVERSION = YES;
				GCC_WARN_ABOUT_RETURN_TYPE = YES_ERROR;
				GCC_WARN_UNDECLARED_SELECTOR = YES;
				GCC_WARN_UNINITIALIZED_AUTOS = YES_AGGRESSIVE;
				GCC_WARN_UNUSED_FUNCTION = YES;
				GCC_WARN_UNUSED_VARIABLE = YES;
				MACOSX_DEPLOYMENT_TARGET = 10.11;
				MTL_ENABLE_DEBUG_INFO = YES;
				ONLY_ACTIVE_ARCH = YES;
				SDKROOT = macosx;
			};
			name = Debug;
		};
		04260AC61CACFE5400A475AC /* Release */ = {
			isa = XCBuildConfiguration;
			buildSettings = {
				ALWAYS_SEARCH_USER_PATHS = NO;
				CLANG_CXX_LANGUAGE_STANDARD = "gnu++0x";
				CLANG_CXX_LIBRARY = "libc++";
				CLANG_ENABLE_MODULES = YES;
				CLANG_ENABLE_OBJC_ARC = YES;
				CLANG_WARN_BOOL_CONVERSION = YES;
				CLANG_WARN_CONSTANT_CONVERSION = YES;
				CLANG_WARN_DIRECT_OBJC_ISA_USAGE = YES_ERROR;
				CLANG_WARN_EMPTY_BODY = YES;
				CLANG_WARN_ENUM_CONVERSION = YES;
				CLANG_WARN_INT_CONVERSION = YES;
				CLANG_WARN_OBJC_ROOT_CLASS = YES_ERROR;
				CLANG_WARN_UNREACHABLE_CODE = YES;
				CLANG_WARN__DUPLICATE_METHOD_MATCH = YES;
				CODE_SIGN_IDENTITY = "-";
				COPY_PHASE_STRIP = NO;
				DEBUG_INFORMATION_FORMAT = "dwarf-with-dsym";
				ENABLE_NS_ASSERTIONS = NO;
				ENABLE_STRICT_OBJC_MSGSEND = YES;
				GCC_C_LANGUAGE_STANDARD = gnu99;
				GCC_NO_COMMON_BLOCKS = YES;
				GCC_WARN_64_TO_32_BIT_CONVERSION = YES;
				GCC_WARN_ABOUT_RETURN_TYPE = YES_ERROR;
				GCC_WARN_UNDECLARED_SELECTOR = YES;
				GCC_WARN_UNINITIALIZED_AUTOS = YES_AGGRESSIVE;
				GCC_WARN_UNUSED_FUNCTION = YES;
				GCC_WARN_UNUSED_VARIABLE = YES;
				MACOSX_DEPLOYMENT_TARGET = 10.11;
				MTL_ENABLE_DEBUG_INFO = NO;
				SDKROOT = macosx;
			};
			name = Release;
		};
		04260AC81CACFE5400A475AC /* Debug */ = {
			isa = XCBuildConfiguration;
			buildSettings = {
				PRODUCT_NAME = "$(TARGET_NAME)";
			};
			name = Debug;
		};
		04260AC91CACFE5400A475AC /* Release */ = {
			isa = XCBuildConfiguration;
			buildSettings = {
				PRODUCT_NAME = "$(TARGET_NAME)";
			};
			name = Release;
		};
/* End XCBuildConfiguration section */

/* Begin XCConfigurationList section */
		04260ABB1CACFE5400A475AC /* Build configuration list for PBXProject "gobang" */ = {
			isa = XCConfigurationList;
			buildConfigurations = (
				04260AC51CACFE5400A475AC /* Debug */,
				04260AC61CACFE5400A475AC /* Release */,
			);
			defaultConfigurationIsVisible = 0;
			defaultConfigurationName = Release;
		};
		04260AC71CACFE5400A475AC /* Build configuration list for PBXNativeTarget "gobang" */ = {
			isa = XCConfigurationList;
			buildConfigurations = (
				04260AC81CACFE5400A475AC /* Debug */,
				04260AC91CACFE5400A475AC /* Release */,
			);
			defaultConfigurationIsVisible = 0;
		};
/* End XCConfigurationList section */
	};
	rootObject = 04260AB81CACFE5400A475AC /* Project object */;
}
